// !$*UTF8*$!
{
	archiveVersion = 1;
	classes = {
	};
	objectVersion = 55;
	objects = {

/* Begin PBXBuildFile section */
		A422E72428D01F0E00EEB406 /* LandmarksApp.swift in Sources */ = {isa = PBXBuildFile; fileRef = A422E72328D01F0E00EEB406 /* LandmarksApp.swift */; };
		A422E72628D01F0E00EEB406 /* ContentView.swift in Sources */ = {isa = PBXBuildFile; fileRef = A422E72528D01F0E00EEB406 /* ContentView.swift */; };
		A422E72828D01F1000EEB406 /* Assets.xcassets in Resources */ = {isa = PBXBuildFile; fileRef = A422E72728D01F1000EEB406 /* Assets.xcassets */; };
		A422E72B28D01F1000EEB406 /* Preview Assets.xcassets in Resources */ = {isa = PBXBuildFile; fileRef = A422E72A28D01F1000EEB406 /* Preview Assets.xcassets */; };
		A42735A628D04708002D0621 /* CircleImage.swift in Sources */ = {isa = PBXBuildFile; fileRef = A42735A528D04708002D0621 /* CircleImage.swift */; };
		A42735A828D04C37002D0621 /* MapView.swift in Sources */ = {isa = PBXBuildFile; fileRef = A42735A728D04C37002D0621 /* MapView.swift */; };
		A45D5F9D28D2CAF80022BF72 /* landmarkData.json in Resources */ = {isa = PBXBuildFile; fileRef = A45D5F9C28D2CAF70022BF72 /* landmarkData.json */; };
		A47B4C7728D3F6CE00BC2BE9 /* Landmark.swift in Sources */ = {isa = PBXBuildFile; fileRef = A47B4C7628D3F6CE00BC2BE9 /* Landmark.swift */; };
		A47B4C7928D3FA5200BC2BE9 /* modelData.swift in Sources */ = {isa = PBXBuildFile; fileRef = A47B4C7828D3FA5200BC2BE9 /* modelData.swift */; };
		A47B4C7F28D3FF2F00BC2BE9 /* LandmarkRow.swift in Sources */ = {isa = PBXBuildFile; fileRef = A47B4C7E28D3FF2F00BC2BE9 /* LandmarkRow.swift */; };
		A47B4C8128D403A300BC2BE9 /* LandamarkList.swift in Sources */ = {isa = PBXBuildFile; fileRef = A47B4C8028D403A300BC2BE9 /* LandamarkList.swift */; };
/* End PBXBuildFile section */

/* Begin PBXFileReference section */
		A422E72028D01F0E00EEB406 /* Landmarks.app */ = {isa = PBXFileReference; explicitFileType = wrapper.application; includeInIndex = 0; path = Landmarks.app; sourceTree = BUILT_PRODUCTS_DIR; };
		A422E72328D01F0E00EEB406 /* LandmarksApp.swift */ = {isa = PBXFileReference; lastKnownFileType = sourcecode.swift; path = LandmarksApp.swift; sourceTree = "<group>"; };
		A422E72528D01F0E00EEB406 /* ContentView.swift */ = {isa = PBXFileReference; lastKnownFileType = sourcecode.swift; path = ContentView.swift; sourceTree = "<group>"; };
		A422E72728D01F1000EEB406 /* Assets.xcassets */ = {isa = PBXFileReference; lastKnownFileType = folder.assetcatalog; path = Assets.xcassets; sourceTree = "<group>"; };
		A422E72A28D01F1000EEB406 /* Preview Assets.xcassets */ = {isa = PBXFileReference; lastKnownFileType = folder.assetcatalog; path = "Preview Assets.xcassets"; sourceTree = "<group>"; };
		A42735A528D04708002D0621 /* CircleImage.swift */ = {isa = PBXFileReference; lastKnownFileType = sourcecode.swift; path = CircleImage.swift; sourceTree = "<group>"; };
		A42735A728D04C37002D0621 /* MapView.swift */ = {isa = PBXFileReference; lastKnownFileType = sourcecode.swift; path = MapView.swift; sourceTree = "<group>"; };
		A45D5F9C28D2CAF70022BF72 /* landmarkData.json */ = {isa = PBXFileReference; fileEncoding = 4; lastKnownFileType = text.json; path = landmarkData.json; sourceTree = "<group>"; };
		A47B4C7628D3F6CE00BC2BE9 /* Landmark.swift */ = {isa = PBXFileReference; lastKnownFileType = sourcecode.swift; path = Landmark.swift; sourceTree = "<group>"; };
		A47B4C7828D3FA5200BC2BE9 /* modelData.swift */ = {isa = PBXFileReference; lastKnownFileType = sourcecode.swift; path = modelData.swift; sourceTree = "<group>"; };
		A47B4C7E28D3FF2F00BC2BE9 /* LandmarkRow.swift */ = {isa = PBXFileReference; lastKnownFileType = sourcecode.swift; path = LandmarkRow.swift; sourceTree = "<group>"; };
		A47B4C8028D403A300BC2BE9 /* LandamarkList.swift */ = {isa = PBXFileReference; lastKnownFileType = sourcecode.swift; path = LandamarkList.swift; sourceTree = "<group>"; };
/* End PBXFileReference section */

/* Begin PBXFrameworksBuildPhase section */
		A422E71D28D01F0E00EEB406 /* Frameworks */ = {
			isa = PBXFrameworksBuildPhase;
			buildActionMask = 2147483647;
			files = (
			);
			runOnlyForDeploymentPostprocessing = 0;
		};
/* End PBXFrameworksBuildPhase section */

/* Begin PBXGroup section */
		A422E71728D01F0D00EEB406 = {
			isa = PBXGroup;
			children = (
				A422E72228D01F0E00EEB406 /* Landmarks */,
				A422E72128D01F0E00EEB406 /* Products */,
			);
			sourceTree = "<group>";
		};
		A422E72128D01F0E00EEB406 /* Products */ = {
			isa = PBXGroup;
			children = (
				A422E72028D01F0E00EEB406 /* Landmarks.app */,
			);
			name = Products;
			sourceTree = "<group>";
		};
		A422E72228D01F0E00EEB406 /* Landmarks */ = {
			isa = PBXGroup;
			children = (
				A422E72328D01F0E00EEB406 /* LandmarksApp.swift */,
				A47B4C7B28D3FD6700BC2BE9 /* Views */,
				A47B4C7C28D3FD8500BC2BE9 /* Model */,
				A47B4C7D28D3FDA700BC2BE9 /* Resources */,
				A422E72728D01F1000EEB406 /* Assets.xcassets */,
				A422E72928D01F1000EEB406 /* Preview Content */,
			);
			path = Landmarks;
			sourceTree = "<group>";
		};
		A422E72928D01F1000EEB406 /* Preview Content */ = {
			isa = PBXGroup;
			children = (
				A422E72A28D01F1000EEB406 /* Preview Assets.xcassets */,
			);
			path = "Preview Content";
			sourceTree = "<group>";
		};
		A47B4C7B28D3FD6700BC2BE9 /* Views */ = {
			isa = PBXGroup;
			children = (
				A422E72528D01F0E00EEB406 /* ContentView.swift */,
				A42735A528D04708002D0621 /* CircleImage.swift */,
				A42735A728D04C37002D0621 /* MapView.swift */,
				A47B4C7E28D3FF2F00BC2BE9 /* LandmarkRow.swift */,
				A47B4C8028D403A300BC2BE9 /* LandamarkList.swift */,
			);
			path = Views;
			sourceTree = "<group>";
		};
		A47B4C7C28D3FD8500BC2BE9 /* Model */ = {
			isa = PBXGroup;
			children = (
				A47B4C7828D3FA5200BC2BE9 /* modelData.swift */,
				A47B4C7628D3F6CE00BC2BE9 /* Landmark.swift */,
			);
			path = Model;
			sourceTree = "<group>";
		};
		A47B4C7D28D3FDA700BC2BE9 /* Resources */ = {
			isa = PBXGroup;
			children = (
				A45D5F9C28D2CAF70022BF72 /* landmarkData.json */,
			);
			path = Resources;
			sourceTree = "<group>";
		};
/* End PBXGroup section */

/* Begin PBXNativeTarget section */
		A422E71F28D01F0E00EEB406 /* Landmarks */ = {
			isa = PBXNativeTarget;
			buildConfigurationList = A422E72E28D01F1000EEB406 /* Build configuration list for PBXNativeTarget "Landmarks" */;
			buildPhases = (
				A422E71C28D01F0E00EEB406 /* Sources */,
				A422E71D28D01F0E00EEB406 /* Frameworks */,
				A422E71E28D01F0E00EEB406 /* Resources */,
			);
			buildRules = (
			);
			dependencies = (
			);
			name = Landmarks;
			productName = Landmarks;
			productReference = A422E72028D01F0E00EEB406 /* Landmarks.app */;
			productType = "com.apple.product-type.application";
		};
/* End PBXNativeTarget section */

/* Begin PBXProject section */
		A422E71828D01F0D00EEB406 /* Project object */ = {
			isa = PBXProject;
			attributes = {
				BuildIndependentTargetsInParallel = 1;
				LastSwiftUpdateCheck = 1340;
				LastUpgradeCheck = 1340;
				TargetAttributes = {
					A422E71F28D01F0E00EEB406 = {
						CreatedOnToolsVersion = 13.4.1;
					};
				};
			};
			buildConfigurationList = A422E71B28D01F0D00EEB406 /* Build configuration list for PBXProject "Landmarks" */;
			compatibilityVersion = "Xcode 13.0";
			developmentRegion = en;
			hasScannedForEncodings = 0;
			knownRegions = (
				en,
				Base,
			);
			mainGroup = A422E71728D01F0D00EEB406;
			productRefGroup = A422E72128D01F0E00EEB406 /* Products */;
			projectDirPath = "";
			projectRoot = "";
			targets = (
				A422E71F28D01F0E00EEB406 /* Landmarks */,
			);
		};
/* End PBXProject section */

/* Begin PBXResourcesBuildPhase section */
		A422E71E28D01F0E00EEB406 /* Resources */ = {
			isa = PBXResourcesBuildPhase;
			buildActionMask = 2147483647;
			files = (
				A422E72B28D01F1000EEB406 /* Preview Assets.xcassets in Resources */,
				A422E72828D01F1000EEB406 /* Assets.xcassets in Resources */,
				A45D5F9D28D2CAF80022BF72 /* landmarkData.json in Resources */,
			);
			runOnlyForDeploymentPostprocessing = 0;
		};
/* End PBXResourcesBuildPhase section */

/* Begin PBXSourcesBuildPhase section */
		A422E71C28D01F0E00EEB406 /* Sources */ = {
			isa = PBXSourcesBuildPhase;
			buildActionMask = 2147483647;
			files = (
				A422E72628D01F0E00EEB406 /* ContentView.swift in Sources */,
				A42735A828D04C37002D0621 /* MapView.swift in Sources */,
				A422E72428D01F0E00EEB406 /* LandmarksApp.swift in Sources */,
				A42735A628D04708002D0621 /* CircleImage.swift in Sources */,
				A47B4C7728D3F6CE00BC2BE9 /* Landmark.swift in Sources */,
				A47B4C8128D403A300BC2BE9 /* LandamarkList.swift in Sources */,
				A47B4C7F28D3FF2F00BC2BE9 /* LandmarkRow.swift in Sources */,
				A47B4C7928D3FA5200BC2BE9 /* modelData.swift in Sources */,
			);
			runOnlyForDeploymentPostprocessing = 0;
		};
/* End PBXSourcesBuildPhase section */

/* Begin XCBuildConfiguration section */
		A422E72C28D01F1000EEB406 /* Debug */ = {
			isa = XCBuildConfiguration;
			buildSettings = {
				ALWAYS_SEARCH_USER_PATHS = NO;
				CLANG_ANALYZER_NONNULL = YES;
				CLANG_ANALYZER_NUMBER_OBJECT_CONVERSION = YES_AGGRESSIVE;
				CLANG_CXX_LANGUAGE_STANDARD = "gnu++17";
				CLANG_ENABLE_MODULES = YES;
				CLANG_ENABLE_OBJC_ARC = YES;
				CLANG_ENABLE_OBJC_WEAK = YES;
				CLANG_WARN_BLOCK_CAPTURE_AUTORELEASING = YES;
				CLANG_WARN_BOOL_CONVERSION = YES;
				CLANG_WARN_COMMA = YES;
				CLANG_WARN_CONSTANT_CONVERSION = YES;
				CLANG_WARN_DEPRECATED_OBJC_IMPLEMENTATIONS = YES;
				CLANG_WARN_DIRECT_OBJC_ISA_USAGE = YES_ERROR;
				CLANG_WARN_DOCUMENTATION_COMMENTS = YES;
				CLANG_WARN_EMPTY_BODY = YES;
				CLANG_WARN_ENUM_CONVERSION = YES;
				CLANG_WARN_INFINITE_RECURSION = YES;
				CLANG_WARN_INT_CONVERSION = YES;
				CLANG_WARN_NON_LITERAL_NULL_CONVERSION = YES;
				CLANG_WARN_OBJC_IMPLICIT_RETAIN_SELF = YES;
				CLANG_WARN_OBJC_LITERAL_CONVERSION = YES;
				CLANG_WARN_OBJC_ROOT_CLASS = YES_ERROR;
				CLANG_WARN_QUOTED_INCLUDE_IN_FRAMEWORK_HEADER = YES;
				CLANG_WARN_RANGE_LOOP_ANALYSIS = YES;
				CLANG_WARN_STRICT_PROTOTYPES = YES;
				CLANG_WARN_SUSPICIOUS_MOVE = YES;
				CLANG_WARN_UNGUARDED_AVAILABILITY = YES_AGGRESSIVE;
				CLANG_WARN_UNREACHABLE_CODE = YES;
				CLANG_WARN__DUPLICATE_METHOD_MATCH = YES;
				COPY_PHASE_STRIP = NO;
				DEBUG_INFORMATION_FORMAT = dwarf;
				ENABLE_STRICT_OBJC_MSGSEND = YES;
				ENABLE_TESTABILITY = YES;
				GCC_C_LANGUAGE_STANDARD = gnu11;
				GCC_DYNAMIC_NO_PIC = NO;
				GCC_NO_COMMON_BLOCKS = YES;
				GCC_OPTIMIZATION_LEVEL = 0;
				GCC_PREPROCESSOR_DEFINITIONS = (
					"DEBUG=1",
					"$(inherited)",
				);
				GCC_WARN_64_TO_32_BIT_CONVERSION = YES;
				GCC_WARN_ABOUT_RETURN_TYPE = YES_ERROR;
				GCC_WARN_UNDECLARED_SELECTOR = YES;
				GCC_WARN_UNINITIALIZED_AUTOS = YES_AGGRESSIVE;
				GCC_WARN_UNUSED_FUNCTION = YES;
				GCC_WARN_UNUSED_VARIABLE = YES;
				IPHONEOS_DEPLOYMENT_TARGET = 15.5;
				MTL_ENABLE_DEBUG_INFO = INCLUDE_SOURCE;
				MTL_FAST_MATH = YES;
				ONLY_ACTIVE_ARCH = YES;
				SDKROOT = iphoneos;
				SWIFT_ACTIVE_COMPILATION_CONDITIONS = DEBUG;
				SWIFT_OPTIMIZATION_LEVEL = "-Onone";
			};
			name = Debug;
		};
		A422E72D28D01F1000EEB406 /* Release */ = {
			isa = XCBuildConfiguration;
			buildSettings = {
				ALWAYS_SEARCH_USER_PATHS = NO;
				CLANG_ANALYZER_NONNULL = YES;
				CLANG_ANALYZER_NUMBER_OBJECT_CONVERSION = YES_AGGRESSIVE;
				CLANG_CXX_LANGUAGE_STANDARD = "gnu++17";
				CLANG_ENABLE_MODULES = YES;
				CLANG_ENABLE_OBJC_ARC = YES;
				CLANG_ENABLE_OBJC_WEAK = YES;
				CLANG_WARN_BLOCK_CAPTURE_AUTORELEASING = YES;
				CLANG_WARN_BOOL_CONVERSION = YES;
				CLANG_WARN_COMMA = YES;
				CLANG_WARN_CONSTANT_CONVERSION = YES;
				CLANG_WARN_DEPRECATED_OBJC_IMPLEMENTATIONS = YES;
				CLANG_WARN_DIRECT_OBJC_ISA_USAGE = YES_ERROR;
				CLANG_WARN_DOCUMENTATION_COMMENTS = YES;
				CLANG_WARN_EMPTY_BODY = YES;
				CLANG_WARN_ENUM_CONVERSION = YES;
				CLANG_WARN_INFINITE_RECURSION = YES;
				CLANG_WARN_INT_CONVERSION = YES;
				CLANG_WARN_NON_LITERAL_NULL_CONVERSION = YES;
				CLANG_WARN_OBJC_IMPLICIT_RETAIN_SELF = YES;
				CLANG_WARN_OBJC_LITERAL_CONVERSION = YES;
				CLANG_WARN_OBJC_ROOT_CLASS = YES_ERROR;
				CLANG_WARN_QUOTED_INCLUDE_IN_FRAMEWORK_HEADER = YES;
				CLANG_WARN_RANGE_LOOP_ANALYSIS = YES;
				CLANG_WARN_STRICT_PROTOTYPES = YES;
				CLANG_WARN_SUSPICIOUS_MOVE = YES;
				CLANG_WARN_UNGUARDED_AVAILABILITY = YES_AGGRESSIVE;
				CLANG_WARN_UNREACHABLE_CODE = YES;
				CLANG_WARN__DUPLICATE_METHOD_MATCH = YES;
				COPY_PHASE_STRIP = NO;
				DEBUG_INFORMATION_FORMAT = "dwarf-with-dsym";
				ENABLE_NS_ASSERTIONS = NO;
				ENABLE_STRICT_OBJC_MSGSEND = YES;
				GCC_C_LANGUAGE_STANDARD = gnu11;
				GCC_NO_COMMON_BLOCKS = YES;
				GCC_WARN_64_TO_32_BIT_CONVERSION = YES;
				GCC_WARN_ABOUT_RETURN_TYPE = YES_ERROR;
				GCC_WARN_UNDECLARED_SELECTOR = YES;
				GCC_WARN_UNINITIALIZED_AUTOS = YES_AGGRESSIVE;
				GCC_WARN_UNUSED_FUNCTION = YES;
				GCC_WARN_UNUSED_VARIABLE = YES;
				IPHONEOS_DEPLOYMENT_TARGET = 15.5;
				MTL_ENABLE_DEBUG_INFO = NO;
				MTL_FAST_MATH = YES;
				SDKROOT = iphoneos;
				SWIFT_COMPILATION_MODE = wholemodule;
				SWIFT_OPTIMIZATION_LEVEL = "-O";
				VALIDATE_PRODUCT = YES;
			};
			name = Release;
		};
		A422E72F28D01F1000EEB406 /* Debug */ = {
			isa = XCBuildConfiguration;
			buildSettings = {
				ASSETCATALOG_COMPILER_APPICON_NAME = AppIcon;
				ASSETCATALOG_COMPILER_GLOBAL_ACCENT_COLOR_NAME = AccentColor;
				CODE_SIGN_STYLE = Automatic;
				CURRENT_PROJECT_VERSION = 1;
				DEVELOPMENT_ASSET_PATHS = "\"Landmarks/Preview Content\"";
				ENABLE_PREVIEWS = YES;
				GENERATE_INFOPLIST_FILE = YES;
				INFOPLIST_KEY_UIApplicationSceneManifest_Generation = YES;
				INFOPLIST_KEY_UIApplicationSupportsIndirectInputEvents = YES;
				INFOPLIST_KEY_UILaunchScreen_Generation = YES;
				INFOPLIST_KEY_UISupportedInterfaceOrientations_iPad = "UIInterfaceOrientationPortrait UIInterfaceOrientationPortraitUpsideDown UIInterfaceOrientationLandscapeLeft UIInterfaceOrientationLandscapeRight";
				INFOPLIST_KEY_UISupportedInterfaceOrientations_iPhone = "UIInterfaceOrientationPortrait UIInterfaceOrientationLandscapeLeft UIInterfaceOrientationLandscapeRight";
				LD_RUNPATH_SEARCH_PATHS = (
					"$(inherited)",
					"@executable_path/Frameworks",
				);
				MARKETING_VERSION = 1.0;
				PRODUCT_BUNDLE_IDENTIFIER = mkxliv.Landmarks;
				PRODUCT_NAME = "$(TARGET_NAME)";
				SWIFT_EMIT_LOC_STRINGS = YES;
				SWIFT_VERSION = 5.0;
				TARGETED_DEVICE_FAMILY = "1,2";
			};
			name = Debug;
		};
		A422E73028D01F1000EEB406 /* Release */ = {
			isa = XCBuildConfiguration;
			buildSettings = {
				ASSETCATALOG_COMPILER_APPICON_NAME = AppIcon;
				ASSETCATALOG_COMPILER_GLOBAL_ACCENT_COLOR_NAME = AccentColor;
				CODE_SIGN_STYLE = Automatic;
				CURRENT_PROJECT_VERSION = 1;
				DEVELOPMENT_ASSET_PATHS = "\"Landmarks/Preview Content\"";
				ENABLE_PREVIEWS = YES;
				GENERATE_INFOPLIST_FILE = YES;
				INFOPLIST_KEY_UIApplicationSceneManifest_Generation = YES;
				INFOPLIST_KEY_UIApplicationSupportsIndirectInputEvents = YES;
				INFOPLIST_KEY_UILaunchScreen_Generation = YES;
				INFOPLIST_KEY_UISupportedInterfaceOrientations_iPad = "UIInterfaceOrientationPortrait UIInterfaceOrientationPortraitUpsideDown UIInterfaceOrientationLandscapeLeft UIInterfaceOrientationLandscapeRight";
				INFOPLIST_KEY_UISupportedInterfaceOrientations_iPhone = "UIInterfaceOrientationPortrait UIInterfaceOrientationLandscapeLeft UIInterfaceOrientationLandscapeRight";
				LD_RUNPATH_SEARCH_PATHS = (
					"$(inherited)",
					"@executable_path/Frameworks",
				);
				MARKETING_VERSION = 1.0;
				PRODUCT_BUNDLE_IDENTIFIER = mkxliv.Landmarks;
				PRODUCT_NAME = "$(TARGET_NAME)";
				SWIFT_EMIT_LOC_STRINGS = YES;
				SWIFT_VERSION = 5.0;
				TARGETED_DEVICE_FAMILY = "1,2";
			};
			name = Release;
		};
/* End XCBuildConfiguration section */

/* Begin XCConfigurationList section */
		A422E71B28D01F0D00EEB406 /* Build configuration list for PBXProject "Landmarks" */ = {
			isa = XCConfigurationList;
			buildConfigurations = (
				A422E72C28D01F1000EEB406 /* Debug */,
				A422E72D28D01F1000EEB406 /* Release */,
			);
			defaultConfigurationIsVisible = 0;
			defaultConfigurationName = Release;
		};
		A422E72E28D01F1000EEB406 /* Build configuration list for PBXNativeTarget "Landmarks" */ = {
			isa = XCConfigurationList;
			buildConfigurations = (
				A422E72F28D01F1000EEB406 /* Debug */,
				A422E73028D01F1000EEB406 /* Release */,
			);
			defaultConfigurationIsVisible = 0;
			defaultConfigurationName = Release;
		};
/* End XCConfigurationList section */
	};
	rootObject = A422E71828D01F0D00EEB406 /* Project object */;
}
